
Microsoft Visual Studio Solution File, Format Version 12.00
# Visual Studio Version 16
VisualStudioVersion = 16.0.31424.327
MinimumVisualStudioVersion = 10.0.40219.1
Project("{FAE04EC0-301F-11D3-BF4B-00C04F79EFBC}") = "MISA.CukCuk.Api", "MISA.CukCuk\MISA.CukCuk.Api.csproj", "{588F6FF0-7F07-475E-9682-D037BCBDB2BB}"
EndProject
Project("{FAE04EC0-301F-11D3-BF4B-00C04F79EFBC}") = "MISA.Core", "MISA.Core\MISA.Core.csproj", "{39455582-E7C5-4C50-A06C-1E14DAD29968}"
EndProject
Project("{FAE04EC0-301F-11D3-BF4B-00C04F79EFBC}") = "MISA.Infrastructor", "MISA.Infrastructor\MISA.Infrastructor.csproj", "{BD4B7DB0-16EF-4D56-8CD6-3F2D87C71715}"
EndProject
Global
	GlobalSection(SolutionConfigurationPlatforms) = preSolution
		Debug|Any CPU = Debug|Any CPU
		Release|Any CPU = Release|Any CPU
	EndGlobalSection
	GlobalSection(ProjectConfigurationPlatforms) = postSolution
		{588F6FF0-7F07-475E-9682-D037BCBDB2BB}.Debug|Any CPU.ActiveCfg = Debug|Any CPU
		{588F6FF0-7F07-475E-9682-D037BCBDB2BB}.Debug|Any CPU.Build.0 = Debug|Any CPU
		{588F6FF0-7F07-475E-9682-D037BCBDB2BB}.Release|Any CPU.ActiveCfg = Release|Any CPU
		{588F6FF0-7F07-475E-9682-D037BCBDB2BB}.Release|Any CPU.Build.0 = Release|Any CPU
		{39455582-E7C5-4C50-A06C-1E14DAD29968}.Debug|Any CPU.ActiveCfg = Debug|Any CPU
		{39455582-E7C5-4C50-A06C-1E14DAD29968}.Debug|Any CPU.Build.0 = Debug|Any CPU
		{39455582-E7C5-4C50-A06C-1E14DAD29968}.Release|Any CPU.ActiveCfg = Release|Any CPU
		{39455582-E7C5-4C50-A06C-1E14DAD29968}.Release|Any CPU.Build.0 = Release|Any CPU
		{BD4B7DB0-16EF-4D56-8CD6-3F2D87C71715}.Debug|Any CPU.ActiveCfg = Debug|Any CPU
		{BD4B7DB0-16EF-4D56-8CD6-3F2D87C71715}.Debug|Any CPU.Build.0 = Debug|Any CPU
		{BD4B7DB0-16EF-4D56-8CD6-3F2D87C71715}.Release|Any CPU.ActiveCfg = Release|Any CPU
		{BD4B7DB0-16EF-4D56-8CD6-3F2D87C71715}.Release|Any CPU.Build.0 = Release|Any CPU
	EndGlobalSection
	GlobalSection(SolutionProperties) = preSolution
		HideSolutionNode = FALSE
	EndGlobalSection
	GlobalSection(ExtensibilityGlobals) = postSolution
		SolutionGuid = {1857110F-EA8F-453E-B406-A1E6F34FA91F}
	EndGlobalSection
EndGlobal
